// !$*UTF8*$!
{
	archiveVersion = 1;
	classes = {
	};
	objectVersion = 46;
	objects = {

/* Begin PBXBuildFile section */
		B701F0C21A1F4D5B008A4D01 /* Articoli.m in Sources */ = {isa = PBXBuildFile; fileRef = B701F0C11A1F4D5B008A4D01 /* Articoli.m */; };
		B701F0C91A1F4F97008A4D01 /* ANAART.m in Sources */ = {isa = PBXBuildFile; fileRef = B701F0C81A1F4F97008A4D01 /* ANAART.m */; };
		B701F0CC1A1F7F40008A4D01 /* ZoomArti.m in Sources */ = {isa = PBXBuildFile; fileRef = B701F0CB1A1F7F40008A4D01 /* ZoomArti.m */; };
		B7248AB91A0A182E00819B06 /* main.m in Sources */ = {isa = PBXBuildFile; fileRef = B7248AB81A0A182E00819B06 /* main.m */; };
		B7248ABC1A0A182E00819B06 /* AppDelegate.m in Sources */ = {isa = PBXBuildFile; fileRef = B7248ABB1A0A182E00819B06 /* AppDelegate.m */; };
		B7248AC51A0A182E00819B06 /* Main.storyboard in Resources */ = {isa = PBXBuildFile; fileRef = B7248AC31A0A182E00819B06 /* Main.storyboard */; };
		B7248AC71A0A182E00819B06 /* Images.xcassets in Resources */ = {isa = PBXBuildFile; fileRef = B7248AC61A0A182E00819B06 /* Images.xcassets */; };
		B7248ACA1A0A182E00819B06 /* LaunchScreen.xib in Resources */ = {isa = PBXBuildFile; fileRef = B7248AC81A0A182E00819B06 /* LaunchScreen.xib */; };
		B7248AD61A0A182E00819B06 /* iADHOCTests.m in Sources */ = {isa = PBXBuildFile; fileRef = B7248AD51A0A182E00819B06 /* iADHOCTests.m */; };
		B7248AFF1A0A18CE00819B06 /* libfreetds.a in Frameworks */ = {isa = PBXBuildFile; fileRef = B7248AF51A0A18CE00819B06 /* libfreetds.a */; };
		B7248B001A0A18CE00819B06 /* SQLClient.m in Sources */ = {isa = PBXBuildFile; fileRef = B7248AF81A0A18CE00819B06 /* SQLClient.m */; };
		B7248B021A0A191F00819B06 /* libiconv.dylib in Frameworks */ = {isa = PBXBuildFile; fileRef = B7248B011A0A191F00819B06 /* libiconv.dylib */; };
		B7248B3F1A0A1F0800819B06 /* Clienti.m in Sources */ = {isa = PBXBuildFile; fileRef = B7248B3E1A0A1F0800819B06 /* Clienti.m */; };
		B7321EB91A0D5F5A0089B2D1 /* DettaglioClienti.m in Sources */ = {isa = PBXBuildFile; fileRef = B7321EB81A0D5F5A0089B2D1 /* DettaglioClienti.m */; };
		B7321EBC1A0D89850089B2D1 /* ANACLI.m in Sources */ = {isa = PBXBuildFile; fileRef = B7321EBB1A0D89850089B2D1 /* ANACLI.m */; };
		B7478EDA1A0E457000BD4B8F /* Telefono.png in Resources */ = {isa = PBXBuildFile; fileRef = B7478ED91A0E457000BD4B8F /* Telefono.png */; };
		B7478EDC1A0E465A00BD4B8F /* email.png in Resources */ = {isa = PBXBuildFile; fileRef = B7478EDB1A0E465A00BD4B8F /* email.png */; };
		B7478EDE1A0E489800BD4B8F /* contact3.png in Resources */ = {isa = PBXBuildFile; fileRef = B7478EDD1A0E489800BD4B8F /* contact3.png */; };
		B7478EE01A0E50C900BD4B8F /* MapKit.framework in Frameworks */ = {isa = PBXBuildFile; fileRef = B7478EDF1A0E50C900BD4B8F /* MapKit.framework */; };
		B7478EE21A0E544D00BD4B8F /* CoreLocation.framework in Frameworks */ = {isa = PBXBuildFile; fileRef = B7478EE11A0E544D00BD4B8F /* CoreLocation.framework */; };
		B74A10E01A0B8B6E00C507A1 /* DettaglioFornitori.m in Sources */ = {isa = PBXBuildFile; fileRef = B74A10DF1A0B8B6E00C507A1 /* DettaglioFornitori.m */; };
		B7635F2B1A2A51E700342E48 /* Menu.m in Sources */ = {isa = PBXBuildFile; fileRef = B7635F2A1A2A51E700342E48 /* Menu.m */; };
		B7635F2E1A2A52EE00342E48 /* StrutturaMenu.m in Sources */ = {isa = PBXBuildFile; fileRef = B7635F2D1A2A52EE00342E48 /* StrutturaMenu.m */; };
		B7635F341A2A538000342E48 /* CellaMenu.m in Sources */ = {isa = PBXBuildFile; fileRef = B7635F331A2A538000342E48 /* CellaMenu.m */; };
		B763C6BE1A2775C3003C01C3 /* ahr_a_tb .png in Resources */ = {isa = PBXBuildFile; fileRef = B763C6BD1A2775C3003C01C3 /* ahr_a_tb .png */; };
		B763C6D61A278F94003C01C3 /* fornitori.png in Resources */ = {isa = PBXBuildFile; fileRef = B763C6D51A278F94003C01C3 /* fornitori.png */; };
		B763C6D81A2791A7003C01C3 /* clienti.png in Resources */ = {isa = PBXBuildFile; fileRef = B763C6D71A2791A7003C01C3 /* clienti.png */; };
		B763C6DA1A2793A1003C01C3 /* Software2000.png in Resources */ = {isa = PBXBuildFile; fileRef = B763C6D91A2793A1003C01C3 /* Software2000.png */; };
		B76766491A27B2BE00F4A7B7 /* Principale.m in Sources */ = {isa = PBXBuildFile; fileRef = B76766481A27B2BE00F4A7B7 /* Principale.m */; };
		B76A279E1A0ACFF8003E1728 /* ZoomCli.m in Sources */ = {isa = PBXBuildFile; fileRef = B76A279D1A0ACFF8003E1728 /* ZoomCli.m */; };
		B76A27A41A0AE653003E1728 /* Fornitori.m in Sources */ = {isa = PBXBuildFile; fileRef = B76A27A31A0AE653003E1728 /* Fornitori.m */; };
		B76A27A71A0AEC2D003E1728 /* ZoomFor.m in Sources */ = {isa = PBXBuildFile; fileRef = B76A27A61A0AEC2D003E1728 /* ZoomFor.m */; };
		B76A27A91A0AEE8F003E1728 /* ahr_a.png in Resources */ = {isa = PBXBuildFile; fileRef = B76A27A81A0AEE8F003E1728 /* ahr_a.png */; };
		B76A27AB1A0AEEE8003E1728 /* ad_hoc_revolution.gif in Resources */ = {isa = PBXBuildFile; fileRef = B76A27AA1A0AEEE8003E1728 /* ad_hoc_revolution.gif */; };
		B7709A301A23667F00B4AB50 /* UM.jpeg in Resources */ = {isa = PBXBuildFile; fileRef = B7709A2F1A23667F00B4AB50 /* UM.jpeg */; };
		B7709A321A23672B00B4AB50 /* FATCONV.jpeg in Resources */ = {isa = PBXBuildFile; fileRef = B7709A311A23672B00B4AB50 /* FATCONV.jpeg */; };
		B7709A351A236D7900B4AB50 /* Listini.m in Sources */ = {isa = PBXBuildFile; fileRef = B7709A341A236D7900B4AB50 /* Listini.m */; };
		B7709A381A23723F00B4AB50 /* ANALIS.m in Sources */ = {isa = PBXBuildFile; fileRef = B7709A371A23723F00B4AB50 /* ANALIS.m */; };
		B7709A3B1A237C0F00B4AB50 /* ZoomLis.m in Sources */ = {isa = PBXBuildFile; fileRef = B7709A3A1A237C0F00B4AB50 /* ZoomLis.m */; };
		B7709A3F1A239B8A00B4AB50 /* listino.jpeg in Resources */ = {isa = PBXBuildFile; fileRef = B7709A3E1A239B8A00B4AB50 /* listino.jpeg */; };
		B7709A411A239B9900B4AB50 /* sconto.jpeg in Resources */ = {isa = PBXBuildFile; fileRef = B7709A401A239B9900B4AB50 /* sconto.jpeg */; };
		B7709A441A23A89F00B4AB50 /* AHR.sqlite in Resources */ = {isa = PBXBuildFile; fileRef = B7709A431A23A89F00B4AB50 /* AHR.sqlite */; };
		B772087E1A0EC3330010F776 /* Settings.bundle in Resources */ = {isa = PBXBuildFile; fileRef = B772087D1A0EC3330010F776 /* Settings.bundle */; };
		B78D832F1A253AE700E8F269 /* sales.jpeg in Resources */ = {isa = PBXBuildFile; fileRef = B78D832E1A253AE700E8F269 /* sales.jpeg */; };
		B78D83331A253D0700E8F269 /* statistiche.jpg in Resources */ = {isa = PBXBuildFile; fileRef = B78D83321A253D0700E8F269 /* statistiche.jpg */; };
		B7A9BA561A2BBCE800317FB0 /* Articoli.jpg in Resources */ = {isa = PBXBuildFile; fileRef = B7A9BA551A2BBCE800317FB0 /* Articoli.jpg */; };
		B7A9BA591A2BBCFA00317FB0 /* magazzino.jpg in Resources */ = {isa = PBXBuildFile; fileRef = B7A9BA571A2BBCFA00317FB0 /* magazzino.jpg */; };
		B7A9BA5A1A2BBCFA00317FB0 /* sincro.png in Resources */ = {isa = PBXBuildFile; fileRef = B7A9BA581A2BBCFA00317FB0 /* sincro.png */; };
		B7D696EF1A24B54C00742071 /* VendutoCliente.m in Sources */ = {isa = PBXBuildFile; fileRef = B7D696EE1A24B54C00742071 /* VendutoCliente.m */; };
		B7D696F21A24B80B00742071 /* VENDUTO.m in Sources */ = {isa = PBXBuildFile; fileRef = B7D696F11A24B80B00742071 /* VENDUTO.m */; };
		B7D696F41A24E79A00742071 /* venduto.jpeg in Resources */ = {isa = PBXBuildFile; fileRef = B7D696F31A24E79A00742071 /* venduto.jpeg */; };
		B7E3A2A91A12020700416517 /* libsqlite3.dylib in Frameworks */ = {isa = PBXBuildFile; fileRef = B7E3A2A81A12020700416517 /* libsqlite3.dylib */; };
		B7E3A2AC1A12027700416517 /* DBmanager.m in Sources */ = {isa = PBXBuildFile; fileRef = B7E3A2AB1A12027700416517 /* DBmanager.m */; };
/* End PBXBuildFile section */

/* Begin PBXContainerItemProxy section */
		B7248AD01A0A182E00819B06 /* PBXContainerItemProxy */ = {
			isa = PBXContainerItemProxy;
			containerPortal = B7248AAB1A0A182E00819B06 /* Project object */;
			proxyType = 1;
			remoteGlobalIDString = B7248AB21A0A182E00819B06;
			remoteInfo = iADHOC;
		};
/* End PBXContainerItemProxy section */

/* Begin PBXFileReference section */
		B701F0C01A1F4D5B008A4D01 /* Articoli.h */ = {isa = PBXFileReference; fileEncoding = 4; lastKnownFileType = sourcecode.c.h; path = Articoli.h; sourceTree = "<group>"; };
		B701F0C11A1F4D5B008A4D01 /* Articoli.m */ = {isa = PBXFileReference; fileEncoding = 4; lastKnownFileType = sourcecode.c.objc; path = Articoli.m; sourceTree = "<group>"; };
		B701F0C71A1F4F97008A4D01 /* ANAART.h */ = {isa = PBXFileReference; fileEncoding = 4; lastKnownFileType = sourcecode.c.h; path = ANAART.h; sourceTree = "<group>"; };
		B701F0C81A1F4F97008A4D01 /* ANAART.m */ = {isa = PBXFileReference; fileEncoding = 4; lastKnownFileType = sourcecode.c.objc; path = ANAART.m; sourceTree = "<group>"; };
		B701F0CA1A1F7F40008A4D01 /* ZoomArti.h */ = {isa = PBXFileReference; fileEncoding = 4; lastKnownFileType = sourcecode.c.h; path = ZoomArti.h; sourceTree = "<group>"; };
		B701F0CB1A1F7F40008A4D01 /* ZoomArti.m */ = {isa = PBXFileReference; fileEncoding = 4; lastKnownFileType = sourcecode.c.objc; path = ZoomArti.m; sourceTree = "<group>"; };
		B7248AB31A0A182E00819B06 /* iADHOC.app */ = {isa = PBXFileReference; explicitFileType = wrapper.application; includeInIndex = 0; path = iADHOC.app; sourceTree = BUILT_PRODUCTS_DIR; };
		B7248AB71A0A182E00819B06 /* Info.plist */ = {isa = PBXFileReference; lastKnownFileType = text.plist.xml; path = Info.plist; sourceTree = "<group>"; };
		B7248AB81A0A182E00819B06 /* main.m */ = {isa = PBXFileReference; lastKnownFileType = sourcecode.c.objc; path = main.m; sourceTree = "<group>"; };
		B7248ABA1A0A182E00819B06 /* AppDelegate.h */ = {isa = PBXFileReference; lastKnownFileType = sourcecode.c.h; path = AppDelegate.h; sourceTree = "<group>"; };
		B7248ABB1A0A182E00819B06 /* AppDelegate.m */ = {isa = PBXFileReference; lastKnownFileType = sourcecode.c.objc; path = AppDelegate.m; sourceTree = "<group>"; };
		B7248AC41A0A182E00819B06 /* Base */ = {isa = PBXFileReference; lastKnownFileType = file.storyboard; name = Base; path = Base.lproj/Main.storyboard; sourceTree = "<group>"; };
		B7248AC61A0A182E00819B06 /* Images.xcassets */ = {isa = PBXFileReference; lastKnownFileType = folder.assetcatalog; path = Images.xcassets; sourceTree = "<group>"; };
		B7248AC91A0A182E00819B06 /* Base */ = {isa = PBXFileReference; lastKnownFileType = file.xib; name = Base; path = Base.lproj/LaunchScreen.xib; sourceTree = "<group>"; };
		B7248ACF1A0A182E00819B06 /* iADHOCTests.xctest */ = {isa = PBXFileReference; explicitFileType = wrapper.cfbundle; includeInIndex = 0; path = iADHOCTests.xctest; sourceTree = BUILT_PRODUCTS_DIR; };
		B7248AD41A0A182E00819B06 /* Info.plist */ = {isa = PBXFileReference; lastKnownFileType = text.plist.xml; path = Info.plist; sourceTree = "<group>"; };
		B7248AD51A0A182E00819B06 /* iADHOCTests.m */ = {isa = PBXFileReference; lastKnownFileType = sourcecode.c.objc; path = iADHOCTests.m; sourceTree = "<group>"; };
		B7248AF11A0A18CE00819B06 /* bkpublic.h */ = {isa = PBXFileReference; fileEncoding = 4; lastKnownFileType = sourcecode.c.h; path = bkpublic.h; sourceTree = "<group>"; };
		B7248AF21A0A18CE00819B06 /* cspublic.h */ = {isa = PBXFileReference; fileEncoding = 4; lastKnownFileType = sourcecode.c.h; path = cspublic.h; sourceTree = "<group>"; };
		B7248AF31A0A18CE00819B06 /* cstypes.h */ = {isa = PBXFileReference; fileEncoding = 4; lastKnownFileType = sourcecode.c.h; path = cstypes.h; sourceTree = "<group>"; };
		B7248AF41A0A18CE00819B06 /* ctpublic.h */ = {isa = PBXFileReference; fileEncoding = 4; lastKnownFileType = sourcecode.c.h; path = ctpublic.h; sourceTree = "<group>"; };
		B7248AF51A0A18CE00819B06 /* libfreetds.a */ = {isa = PBXFileReference; lastKnownFileType = archive.ar; path = libfreetds.a; sourceTree = "<group>"; };
		B7248AF61A0A18CE00819B06 /* odbcss.h */ = {isa = PBXFileReference; fileEncoding = 4; lastKnownFileType = sourcecode.c.h; path = odbcss.h; sourceTree = "<group>"; };
		B7248AF71A0A18CE00819B06 /* SQLClient.h */ = {isa = PBXFileReference; fileEncoding = 4; lastKnownFileType = sourcecode.c.h; path = SQLClient.h; sourceTree = "<group>"; };
		B7248AF81A0A18CE00819B06 /* SQLClient.m */ = {isa = PBXFileReference; fileEncoding = 4; lastKnownFileType = sourcecode.c.objc; path = SQLClient.m; sourceTree = "<group>"; };
		B7248AF91A0A18CE00819B06 /* sqldb.h */ = {isa = PBXFileReference; fileEncoding = 4; lastKnownFileType = sourcecode.c.h; path = sqldb.h; sourceTree = "<group>"; };
		B7248AFA1A0A18CE00819B06 /* sqlfront.h */ = {isa = PBXFileReference; fileEncoding = 4; lastKnownFileType = sourcecode.c.h; path = sqlfront.h; sourceTree = "<group>"; };
		B7248AFB1A0A18CE00819B06 /* sybdb.h */ = {isa = PBXFileReference; fileEncoding = 4; lastKnownFileType = sourcecode.c.h; path = sybdb.h; sourceTree = "<group>"; };
		B7248AFC1A0A18CE00819B06 /* syberror.h */ = {isa = PBXFileReference; fileEncoding = 4; lastKnownFileType = sourcecode.c.h; path = syberror.h; sourceTree = "<group>"; };
		B7248AFD1A0A18CE00819B06 /* sybfront.h */ = {isa = PBXFileReference; fileEncoding = 4; lastKnownFileType = sourcecode.c.h; path = sybfront.h; sourceTree = "<group>"; };
		B7248AFE1A0A18CE00819B06 /* tds_sysdep_public.h */ = {isa = PBXFileReference; fileEncoding = 4; lastKnownFileType = sourcecode.c.h; path = tds_sysdep_public.h; sourceTree = "<group>"; };
		B7248B011A0A191F00819B06 /* libiconv.dylib */ = {isa = PBXFileReference; lastKnownFileType = "compiled.mach-o.dylib"; name = libiconv.dylib; path = usr/lib/libiconv.dylib; sourceTree = SDKROOT; };
		B7248B3D1A0A1F0800819B06 /* Clienti.h */ = {isa = PBXFileReference; fileEncoding = 4; lastKnownFileType = sourcecode.c.h; name = Clienti.h; path = ../Clienti.h; sourceTree = "<group>"; };
		B7248B3E1A0A1F0800819B06 /* Clienti.m */ = {isa = PBXFileReference; fileEncoding = 4; lastKnownFileType = sourcecode.c.objc; name = Clienti.m; path = ../Clienti.m; sourceTree = "<group>"; };
		B7321EB71A0D5F5A0089B2D1 /* DettaglioClienti.h */ = {isa = PBXFileReference; fileEncoding = 4; lastKnownFileType = sourcecode.c.h; path = DettaglioClienti.h; sourceTree = "<group>"; };
		B7321EB81A0D5F5A0089B2D1 /* DettaglioClienti.m */ = {isa = PBXFileReference; fileEncoding = 4; lastKnownFileType = sourcecode.c.objc; path = DettaglioClienti.m; sourceTree = "<group>"; };
		B7321EBA1A0D89850089B2D1 /* ANACLI.h */ = {isa = PBXFileReference; fileEncoding = 4; lastKnownFileType = sourcecode.c.h; path = ANACLI.h; sourceTree = "<group>"; };
		B7321EBB1A0D89850089B2D1 /* ANACLI.m */ = {isa = PBXFileReference; fileEncoding = 4; lastKnownFileType = sourcecode.c.objc; path = ANACLI.m; sourceTree = "<group>"; };
		B7478ED91A0E457000BD4B8F /* Telefono.png */ = {isa = PBXFileReference; lastKnownFileType = image.png; path = Telefono.png; sourceTree = "<group>"; };
		B7478EDB1A0E465A00BD4B8F /* email.png */ = {isa = PBXFileReference; lastKnownFileType = image.png; path = email.png; sourceTree = "<group>"; };
		B7478EDD1A0E489800BD4B8F /* contact3.png */ = {isa = PBXFileReference; lastKnownFileType = image.png; path = contact3.png; sourceTree = "<group>"; };
		B7478EDF1A0E50C900BD4B8F /* MapKit.framework */ = {isa = PBXFileReference; lastKnownFileType = wrapper.framework; name = MapKit.framework; path = System/Library/Frameworks/MapKit.framework; sourceTree = SDKROOT; };
		B7478EE11A0E544D00BD4B8F /* CoreLocation.framework */ = {isa = PBXFileReference; lastKnownFileType = wrapper.framework; name = CoreLocation.framework; path = System/Library/Frameworks/CoreLocation.framework; sourceTree = SDKROOT; };
		B74A10DE1A0B8B6E00C507A1 /* DettaglioFornitori.h */ = {isa = PBXFileReference; fileEncoding = 4; lastKnownFileType = sourcecode.c.h; path = DettaglioFornitori.h; sourceTree = "<group>"; };
		B74A10DF1A0B8B6E00C507A1 /* DettaglioFornitori.m */ = {isa = PBXFileReference; fileEncoding = 4; lastKnownFileType = sourcecode.c.objc; path = DettaglioFornitori.m; sourceTree = "<group>"; };
		B7635F291A2A51E700342E48 /* Menu.h */ = {isa = PBXFileReference; fileEncoding = 4; lastKnownFileType = sourcecode.c.h; path = Menu.h; sourceTree = "<group>"; };
		B7635F2A1A2A51E700342E48 /* Menu.m */ = {isa = PBXFileReference; fileEncoding = 4; lastKnownFileType = sourcecode.c.objc; path = Menu.m; sourceTree = "<group>"; };
		B7635F2C1A2A52EE00342E48 /* StrutturaMenu.h */ = {isa = PBXFileReference; fileEncoding = 4; lastKnownFileType = sourcecode.c.h; path = StrutturaMenu.h; sourceTree = "<group>"; };
		B7635F2D1A2A52EE00342E48 /* StrutturaMenu.m */ = {isa = PBXFileReference; fileEncoding = 4; lastKnownFileType = sourcecode.c.objc; path = StrutturaMenu.m; sourceTree = "<group>"; };
		B7635F321A2A538000342E48 /* CellaMenu.h */ = {isa = PBXFileReference; fileEncoding = 4; lastKnownFileType = sourcecode.c.h; name = CellaMenu.h; path = ../CellaMenu.h; sourceTree = "<group>"; };
		B7635F331A2A538000342E48 /* CellaMenu.m */ = {isa = PBXFileReference; fileEncoding = 4; lastKnownFileType = sourcecode.c.objc; name = CellaMenu.m; path = ../CellaMenu.m; sourceTree = "<group>"; };
		B763C6BD1A2775C3003C01C3 /* ahr_a_tb .png */ = {isa = PBXFileReference; lastKnownFileType = image.png; path = "ahr_a_tb .png"; sourceTree = "<group>"; };
		B763C6D51A278F94003C01C3 /* fornitori.png */ = {isa = PBXFileReference; lastKnownFileType = image.png; path = fornitori.png; sourceTree = "<group>"; };
		B763C6D71A2791A7003C01C3 /* clienti.png */ = {isa = PBXFileReference; lastKnownFileType = image.png; path = clienti.png; sourceTree = "<group>"; };
		B763C6D91A2793A1003C01C3 /* Software2000.png */ = {isa = PBXFileReference; lastKnownFileType = image.png; path = Software2000.png; sourceTree = "<group>"; };
		B76766471A27B2BE00F4A7B7 /* Principale.h */ = {isa = PBXFileReference; fileEncoding = 4; lastKnownFileType = sourcecode.c.h; name = Principale.h; path = ../Principale.h; sourceTree = "<group>"; };
		B76766481A27B2BE00F4A7B7 /* Principale.m */ = {isa = PBXFileReference; fileEncoding = 4; lastKnownFileType = sourcecode.c.objc; name = Principale.m; path = ../Principale.m; sourceTree = "<group>"; };
		B76A279C1A0ACFF8003E1728 /* ZoomCli.h */ = {isa = PBXFileReference; fileEncoding = 4; lastKnownFileType = sourcecode.c.h; path = ZoomCli.h; sourceTree = "<group>"; };
		B76A279D1A0ACFF8003E1728 /* ZoomCli.m */ = {isa = PBXFileReference; fileEncoding = 4; lastKnownFileType = sourcecode.c.objc; path = ZoomCli.m; sourceTree = "<group>"; };
		B76A27A21A0AE653003E1728 /* Fornitori.h */ = {isa = PBXFileReference; fileEncoding = 4; lastKnownFileType = sourcecode.c.h; name = Fornitori.h; path = ../Fornitori.h; sourceTree = "<group>"; };
		B76A27A31A0AE653003E1728 /* Fornitori.m */ = {isa = PBXFileReference; fileEncoding = 4; lastKnownFileType = sourcecode.c.objc; name = Fornitori.m; path = ../Fornitori.m; sourceTree = "<group>"; };
		B76A27A51A0AEC2D003E1728 /* ZoomFor.h */ = {isa = PBXFileReference; fileEncoding = 4; lastKnownFileType = sourcecode.c.h; path = ZoomFor.h; sourceTree = "<group>"; };
		B76A27A61A0AEC2D003E1728 /* ZoomFor.m */ = {isa = PBXFileReference; fileEncoding = 4; lastKnownFileType = sourcecode.c.objc; path = ZoomFor.m; sourceTree = "<group>"; };
		B76A27A81A0AEE8F003E1728 /* ahr_a.png */ = {isa = PBXFileReference; lastKnownFileType = image.png; path = ahr_a.png; sourceTree = "<group>"; };
		B76A27AA1A0AEEE8003E1728 /* ad_hoc_revolution.gif */ = {isa = PBXFileReference; lastKnownFileType = image.gif; path = ad_hoc_revolution.gif; sourceTree = "<group>"; };
		B7709A2F1A23667F00B4AB50 /* UM.jpeg */ = {isa = PBXFileReference; lastKnownFileType = image.jpeg; path = UM.jpeg; sourceTree = "<group>"; };
		B7709A311A23672B00B4AB50 /* FATCONV.jpeg */ = {isa = PBXFileReference; lastKnownFileType = image.jpeg; path = FATCONV.jpeg; sourceTree = "<group>"; };
		B7709A331A236D7900B4AB50 /* Listini.h */ = {isa = PBXFileReference; fileEncoding = 4; lastKnownFileType = sourcecode.c.h; path = Listini.h; sourceTree = "<group>"; };
		B7709A341A236D7900B4AB50 /* Listini.m */ = {isa = PBXFileReference; fileEncoding = 4; lastKnownFileType = sourcecode.c.objc; path = Listini.m; sourceTree = "<group>"; };
		B7709A361A23723F00B4AB50 /* ANALIS.h */ = {isa = PBXFileReference; fileEncoding = 4; lastKnownFileType = sourcecode.c.h; path = ANALIS.h; sourceTree = "<group>"; };
		B7709A371A23723F00B4AB50 /* ANALIS.m */ = {isa = PBXFileReference; fileEncoding = 4; lastKnownFileType = sourcecode.c.objc; path = ANALIS.m; sourceTree = "<group>"; };
		B7709A391A237C0F00B4AB50 /* ZoomLis.h */ = {isa = PBXFileReference; fileEncoding = 4; lastKnownFileType = sourcecode.c.h; path = ZoomLis.h; sourceTree = "<group>"; };
		B7709A3A1A237C0F00B4AB50 /* ZoomLis.m */ = {isa = PBXFileReference; fileEncoding = 4; lastKnownFileType = sourcecode.c.objc; path = ZoomLis.m; sourceTree = "<group>"; };
		B7709A3E1A239B8A00B4AB50 /* listino.jpeg */ = {isa = PBXFileReference; lastKnownFileType = image.jpeg; path = listino.jpeg; sourceTree = "<group>"; };
		B7709A401A239B9900B4AB50 /* sconto.jpeg */ = {isa = PBXFileReference; lastKnownFileType = image.jpeg; path = sconto.jpeg; sourceTree = "<group>"; };
		B7709A431A23A89F00B4AB50 /* AHR.sqlite */ = {isa = PBXFileReference; lastKnownFileType = file; path = AHR.sqlite; sourceTree = "<group>"; };
		B772087D1A0EC3330010F776 /* Settings.bundle */ = {isa = PBXFileReference; lastKnownFileType = "wrapper.plug-in"; path = Settings.bundle; sourceTree = "<group>"; };
		B78D832E1A253AE700E8F269 /* sales.jpeg */ = {isa = PBXFileReference; lastKnownFileType = image.jpeg; path = sales.jpeg; sourceTree = "<group>"; };
		B78D83321A253D0700E8F269 /* statistiche.jpg */ = {isa = PBXFileReference; lastKnownFileType = image.jpeg; path = statistiche.jpg; sourceTree = "<group>"; };
		B7A9BA551A2BBCE800317FB0 /* Articoli.jpg */ = {isa = PBXFileReference; lastKnownFileType = image.jpeg; path = Articoli.jpg; sourceTree = "<group>"; };
		B7A9BA571A2BBCFA00317FB0 /* magazzino.jpg */ = {isa = PBXFileReference; lastKnownFileType = image.jpeg; path = magazzino.jpg; sourceTree = "<group>"; };
		B7A9BA581A2BBCFA00317FB0 /* sincro.png */ = {isa = PBXFileReference; lastKnownFileType = image.png; path = sincro.png; sourceTree = "<group>"; };
		B7D696ED1A24B54C00742071 /* VendutoCliente.h */ = {isa = PBXFileReference; fileEncoding = 4; lastKnownFileType = sourcecode.c.h; path = VendutoCliente.h; sourceTree = "<group>"; };
		B7D696EE1A24B54C00742071 /* VendutoCliente.m */ = {isa = PBXFileReference; fileEncoding = 4; lastKnownFileType = sourcecode.c.objc; path = VendutoCliente.m; sourceTree = "<group>"; };
		B7D696F01A24B80B00742071 /* VENDUTO.h */ = {isa = PBXFileReference; fileEncoding = 4; lastKnownFileType = sourcecode.c.h; path = VENDUTO.h; sourceTree = "<group>"; };
		B7D696F11A24B80B00742071 /* VENDUTO.m */ = {isa = PBXFileReference; fileEncoding = 4; lastKnownFileType = sourcecode.c.objc; path = VENDUTO.m; sourceTree = "<group>"; };
		B7D696F31A24E79A00742071 /* venduto.jpeg */ = {isa = PBXFileReference; lastKnownFileType = image.jpeg; path = venduto.jpeg; sourceTree = "<group>"; };
		B7E3A2A81A12020700416517 /* libsqlite3.dylib */ = {isa = PBXFileReference; lastKnownFileType = "compiled.mach-o.dylib"; name = libsqlite3.dylib; path = usr/lib/libsqlite3.dylib; sourceTree = SDKROOT; };
		B7E3A2AA1A12027700416517 /* DBmanager.h */ = {isa = PBXFileReference; fileEncoding = 4; lastKnownFileType = sourcecode.c.h; path = DBmanager.h; sourceTree = "<group>"; };
		B7E3A2AB1A12027700416517 /* DBmanager.m */ = {isa = PBXFileReference; fileEncoding = 4; lastKnownFileType = sourcecode.c.objc; path = DBmanager.m; sourceTree = "<group>"; };
/* End PBXFileReference section */

/* Begin PBXFrameworksBuildPhase section */
		B7248AB01A0A182E00819B06 /* Frameworks */ = {
			isa = PBXFrameworksBuildPhase;
			buildActionMask = 2147483647;
			files = (
				B7E3A2A91A12020700416517 /* libsqlite3.dylib in Frameworks */,
				B7478EE21A0E544D00BD4B8F /* CoreLocation.framework in Frameworks */,
				B7478EE01A0E50C900BD4B8F /* MapKit.framework in Frameworks */,
				B7248B021A0A191F00819B06 /* libiconv.dylib in Frameworks */,
				B7248AFF1A0A18CE00819B06 /* libfreetds.a in Frameworks */,
			);
			runOnlyForDeploymentPostprocessing = 0;
		};
		B7248ACC1A0A182E00819B06 /* Frameworks */ = {
			isa = PBXFrameworksBuildPhase;
			buildActionMask = 2147483647;
			files = (
			);
			runOnlyForDeploymentPostprocessing = 0;
		};
/* End PBXFrameworksBuildPhase section */

/* Begin PBXGroup section */
		B701F0C31A1F4DA5008A4D01 /* ANAGRAFICHE */ = {
			isa = PBXGroup;
			children = (
				B7635F291A2A51E700342E48 /* Menu.h */,
				B7635F2A1A2A51E700342E48 /* Menu.m */,
				B76766471A27B2BE00F4A7B7 /* Principale.h */,
				B76766481A27B2BE00F4A7B7 /* Principale.m */,
				B7248B3D1A0A1F0800819B06 /* Clienti.h */,
				B7248B3E1A0A1F0800819B06 /* Clienti.m */,
				B76A27A21A0AE653003E1728 /* Fornitori.h */,
				B76A27A31A0AE653003E1728 /* Fornitori.m */,
				B7321EB71A0D5F5A0089B2D1 /* DettaglioClienti.h */,
				B7321EB81A0D5F5A0089B2D1 /* DettaglioClienti.m */,
				B74A10DE1A0B8B6E00C507A1 /* DettaglioFornitori.h */,
				B74A10DF1A0B8B6E00C507A1 /* DettaglioFornitori.m */,
				B701F0C01A1F4D5B008A4D01 /* Articoli.h */,
				B701F0C11A1F4D5B008A4D01 /* Articoli.m */,
				B7709A331A236D7900B4AB50 /* Listini.h */,
				B7709A341A236D7900B4AB50 /* Listini.m */,
				B7D696ED1A24B54C00742071 /* VendutoCliente.h */,
				B7D696EE1A24B54C00742071 /* VendutoCliente.m */,
			);
			name = ANAGRAFICHE;
			sourceTree = "<group>";
		};
		B701F0C41A1F4DBD008A4D01 /* NSOBJECT_TABELLE */ = {
			isa = PBXGroup;
			children = (
				B7635F2C1A2A52EE00342E48 /* StrutturaMenu.h */,
				B7635F2D1A2A52EE00342E48 /* StrutturaMenu.m */,
				B7709A361A23723F00B4AB50 /* ANALIS.h */,
				B7709A371A23723F00B4AB50 /* ANALIS.m */,
				B7321EBA1A0D89850089B2D1 /* ANACLI.h */,
				B7321EBB1A0D89850089B2D1 /* ANACLI.m */,
				B701F0C71A1F4F97008A4D01 /* ANAART.h */,
				B701F0C81A1F4F97008A4D01 /* ANAART.m */,
				B7D696F01A24B80B00742071 /* VENDUTO.h */,
				B7D696F11A24B80B00742071 /* VENDUTO.m */,
			);
			name = NSOBJECT_TABELLE;
			sourceTree = "<group>";
		};
		B701F0C51A1F4DFC008A4D01 /* CustomCell */ = {
			isa = PBXGroup;
			children = (
				B76A279C1A0ACFF8003E1728 /* ZoomCli.h */,
				B7635F321A2A538000342E48 /* CellaMenu.h */,
				B7635F331A2A538000342E48 /* CellaMenu.m */,
				B76A279D1A0ACFF8003E1728 /* ZoomCli.m */,
				B701F0CA1A1F7F40008A4D01 /* ZoomArti.h */,
				B701F0CB1A1F7F40008A4D01 /* ZoomArti.m */,
				B76A27A51A0AEC2D003E1728 /* ZoomFor.h */,
				B76A27A61A0AEC2D003E1728 /* ZoomFor.m */,
				B7709A391A237C0F00B4AB50 /* ZoomLis.h */,
				B7709A3A1A237C0F00B4AB50 /* ZoomLis.m */,
			);
			name = CustomCell;
			sourceTree = "<group>";
		};
		B701F0C61A1F4E14008A4D01 /* SQLITE_MANAGER */ = {
			isa = PBXGroup;
			children = (
				B7E3A2AA1A12027700416517 /* DBmanager.h */,
				B7E3A2AB1A12027700416517 /* DBmanager.m */,
			);
			name = SQLITE_MANAGER;
			sourceTree = "<group>";
		};
		B7248AAA1A0A182E00819B06 = {
			isa = PBXGroup;
			children = (
				B7E3A2A81A12020700416517 /* libsqlite3.dylib */,
				B7478EE11A0E544D00BD4B8F /* CoreLocation.framework */,
				B7478EDF1A0E50C900BD4B8F /* MapKit.framework */,
				B7248B011A0A191F00819B06 /* libiconv.dylib */,
				B7248AB51A0A182E00819B06 /* iADHOC */,
				B7248AD21A0A182E00819B06 /* iADHOCTests */,
				B7248AB41A0A182E00819B06 /* Products */,
			);
			sourceTree = "<group>";
		};
		B7248AB41A0A182E00819B06 /* Products */ = {
			isa = PBXGroup;
			children = (
				B7248AB31A0A182E00819B06 /* iADHOC.app */,
				B7248ACF1A0A182E00819B06 /* iADHOCTests.xctest */,
			);
			name = Products;
			sourceTree = "<group>";
		};
		B7248AB51A0A182E00819B06 /* iADHOC */ = {
			isa = PBXGroup;
			children = (
				B7248AF01A0A18CE00819B06 /* SQLClient */,
				B701F0C31A1F4DA5008A4D01 /* ANAGRAFICHE */,
				B701F0C41A1F4DBD008A4D01 /* NSOBJECT_TABELLE */,
				B701F0C51A1F4DFC008A4D01 /* CustomCell */,
				B701F0C61A1F4E14008A4D01 /* SQLITE_MANAGER */,
				B76A27AA1A0AEEE8003E1728 /* ad_hoc_revolution.gif */,
				B76A27A81A0AEE8F003E1728 /* ahr_a.png */,
				B7709A431A23A89F00B4AB50 /* AHR.sqlite */,
				B7478EDD1A0E489800BD4B8F /* contact3.png */,
				B7709A311A23672B00B4AB50 /* FATCONV.jpeg */,
				B763C6D91A2793A1003C01C3 /* Software2000.png */,
				B7A9BA551A2BBCE800317FB0 /* Articoli.jpg */,
				B7709A3E1A239B8A00B4AB50 /* listino.jpeg */,
				B7709A2F1A23667F00B4AB50 /* UM.jpeg */,
				B7709A401A239B9900B4AB50 /* sconto.jpeg */,
				B7478EDB1A0E465A00BD4B8F /* email.png */,
				B7A9BA571A2BBCFA00317FB0 /* magazzino.jpg */,
				B7A9BA581A2BBCFA00317FB0 /* sincro.png */,
				B7478ED91A0E457000BD4B8F /* Telefono.png */,
				B763C6BD1A2775C3003C01C3 /* ahr_a_tb .png */,
				B763C6D51A278F94003C01C3 /* fornitori.png */,
				B763C6D71A2791A7003C01C3 /* clienti.png */,
				B7248ABA1A0A182E00819B06 /* AppDelegate.h */,
				B7248ABB1A0A182E00819B06 /* AppDelegate.m */,
				B78D83321A253D0700E8F269 /* statistiche.jpg */,
				B7248AC31A0A182E00819B06 /* Main.storyboard */,
				B7248AC61A0A182E00819B06 /* Images.xcassets */,
				B7248AC81A0A182E00819B06 /* LaunchScreen.xib */,
				B7D696F31A24E79A00742071 /* venduto.jpeg */,
				B78D832E1A253AE700E8F269 /* sales.jpeg */,
				B7248AB61A0A182E00819B06 /* Supporting Files */,
			);
			path = iADHOC;
			sourceTree = "<group>";
		};
		B7248AB61A0A182E00819B06 /* Supporting Files */ = {
			isa = PBXGroup;
			children = (
				B7248AB71A0A182E00819B06 /* Info.plist */,
				B772087D1A0EC3330010F776 /* Settings.bundle */,
				B7248AB81A0A182E00819B06 /* main.m */,
			);
			name = "Supporting Files";
			sourceTree = "<group>";
		};
		B7248AD21A0A182E00819B06 /* iADHOCTests */ = {
			isa = PBXGroup;
			children = (
				B7248AD51A0A182E00819B06 /* iADHOCTests.m */,
				B7248AD31A0A182E00819B06 /* Supporting Files */,
			);
			path = iADHOCTests;
			sourceTree = "<group>";
		};
		B7248AD31A0A182E00819B06 /* Supporting Files */ = {
			isa = PBXGroup;
			children = (
				B7248AD41A0A182E00819B06 /* Info.plist */,
			);
			name = "Supporting Files";
			sourceTree = "<group>";
		};
		B7248AF01A0A18CE00819B06 /* SQLClient */ = {
			isa = PBXGroup;
			children = (
				B7248AF11A0A18CE00819B06 /* bkpublic.h */,
				B7248AF21A0A18CE00819B06 /* cspublic.h */,
				B7248AF31A0A18CE00819B06 /* cstypes.h */,
				B7248AF41A0A18CE00819B06 /* ctpublic.h */,
				B7248AF51A0A18CE00819B06 /* libfreetds.a */,
				B7248AF61A0A18CE00819B06 /* odbcss.h */,
				B7248AF71A0A18CE00819B06 /* SQLClient.h */,
				B7248AF81A0A18CE00819B06 /* SQLClient.m */,
				B7248AF91A0A18CE00819B06 /* sqldb.h */,
				B7248AFA1A0A18CE00819B06 /* sqlfront.h */,
				B7248AFB1A0A18CE00819B06 /* sybdb.h */,
				B7248AFC1A0A18CE00819B06 /* syberror.h */,
				B7248AFD1A0A18CE00819B06 /* sybfront.h */,
				B7248AFE1A0A18CE00819B06 /* tds_sysdep_public.h */,
			);
			path = SQLClient;
			sourceTree = "<group>";
		};
/* End PBXGroup section */

/* Begin PBXNativeTarget section */
		B7248AB21A0A182E00819B06 /* iADHOC */ = {
			isa = PBXNativeTarget;
			buildConfigurationList = B7248AD91A0A182E00819B06 /* Build configuration list for PBXNativeTarget "iADHOC" */;
			buildPhases = (
				B7248AAF1A0A182E00819B06 /* Sources */,
				B7248AB01A0A182E00819B06 /* Frameworks */,
				B7248AB11A0A182E00819B06 /* Resources */,
			);
			buildRules = (
			);
			dependencies = (
			);
			name = iADHOC;
			productName = iADHOC;
			productReference = B7248AB31A0A182E00819B06 /* iADHOC.app */;
			productType = "com.apple.product-type.application";
		};
		B7248ACE1A0A182E00819B06 /* iADHOCTests */ = {
			isa = PBXNativeTarget;
			buildConfigurationList = B7248ADC1A0A182E00819B06 /* Build configuration list for PBXNativeTarget "iADHOCTests" */;
			buildPhases = (
				B7248ACB1A0A182E00819B06 /* Sources */,
				B7248ACC1A0A182E00819B06 /* Frameworks */,
				B7248ACD1A0A182E00819B06 /* Resources */,
			);
			buildRules = (
			);
			dependencies = (
				B7248AD11A0A182E00819B06 /* PBXTargetDependency */,
			);
			name = iADHOCTests;
			productName = iADHOCTests;
			productReference = B7248ACF1A0A182E00819B06 /* iADHOCTests.xctest */;
			productType = "com.apple.product-type.bundle.unit-test";
		};
/* End PBXNativeTarget section */

/* Begin PBXProject section */
		B7248AAB1A0A182E00819B06 /* Project object */ = {
			isa = PBXProject;
			attributes = {
				LastUpgradeCheck = 0610;
				ORGANIZATIONNAME = "Mirko Totera";
				TargetAttributes = {
					B7248AB21A0A182E00819B06 = {
						CreatedOnToolsVersion = 6.1;
						DevelopmentTeam = W2XTGK5AHJ;
					};
					B7248ACE1A0A182E00819B06 = {
						CreatedOnToolsVersion = 6.1;
						TestTargetID = B7248AB21A0A182E00819B06;
					};
				};
			};
			buildConfigurationList = B7248AAE1A0A182E00819B06 /* Build configuration list for PBXProject "iADHOC" */;
			compatibilityVersion = "Xcode 3.2";
			developmentRegion = English;
			hasScannedForEncodings = 0;
			knownRegions = (
				en,
				Base,
			);
			mainGroup = B7248AAA1A0A182E00819B06;
			productRefGroup = B7248AB41A0A182E00819B06 /* Products */;
			projectDirPath = "";
			projectRoot = "";
			targets = (
				B7248AB21A0A182E00819B06 /* iADHOC */,
				B7248ACE1A0A182E00819B06 /* iADHOCTests */,
			);
		};
/* End PBXProject section */

/* Begin PBXResourcesBuildPhase section */
		B7248AB11A0A182E00819B06 /* Resources */ = {
			isa = PBXResourcesBuildPhase;
			buildActionMask = 2147483647;
			files = (
				B7248AC51A0A182E00819B06 /* Main.storyboard in Resources */,
				B7709A3F1A239B8A00B4AB50 /* listino.jpeg in Resources */,
				B7709A321A23672B00B4AB50 /* FATCONV.jpeg in Resources */,
				B7478EDA1A0E457000BD4B8F /* Telefono.png in Resources */,
				B763C6DA1A2793A1003C01C3 /* Software2000.png in Resources */,
				B7248ACA1A0A182E00819B06 /* LaunchScreen.xib in Resources */,
				B7248AC71A0A182E00819B06 /* Images.xcassets in Resources */,
				B78D832F1A253AE700E8F269 /* sales.jpeg in Resources */,
				B76A27A91A0AEE8F003E1728 /* ahr_a.png in Resources */,
				B763C6D61A278F94003C01C3 /* fornitori.png in Resources */,
				B763C6BE1A2775C3003C01C3 /* ahr_a_tb .png in Resources */,
				B7A9BA5A1A2BBCFA00317FB0 /* sincro.png in Resources */,
				B76A27AB1A0AEEE8003E1728 /* ad_hoc_revolution.gif in Resources */,
				B7709A301A23667F00B4AB50 /* UM.jpeg in Resources */,
				B7478EDE1A0E489800BD4B8F /* contact3.png in Resources */,
				B7A9BA561A2BBCE800317FB0 /* Articoli.jpg in Resources */,
				B7D696F41A24E79A00742071 /* venduto.jpeg in Resources */,
				B772087E1A0EC3330010F776 /* Settings.bundle in Resources */,
				B7709A441A23A89F00B4AB50 /* AHR.sqlite in Resources */,
				B763C6D81A2791A7003C01C3 /* clienti.png in Resources */,
				B7478EDC1A0E465A00BD4B8F /* email.png in Resources */,
				B78D83331A253D0700E8F269 /* statistiche.jpg in Resources */,
				B7709A411A239B9900B4AB50 /* sconto.jpeg in Resources */,
				B7A9BA591A2BBCFA00317FB0 /* magazzino.jpg in Resources */,
			);
			runOnlyForDeploymentPostprocessing = 0;
		};
		B7248ACD1A0A182E00819B06 /* Resources */ = {
			isa = PBXResourcesBuildPhase;
			buildActionMask = 2147483647;
			files = (
			);
			runOnlyForDeploymentPostprocessing = 0;
		};
/* End PBXResourcesBuildPhase section */

/* Begin PBXSourcesBuildPhase section */
		B7248AAF1A0A182E00819B06 /* Sources */ = {
			isa = PBXSourcesBuildPhase;
			buildActionMask = 2147483647;
			files = (
				B7709A351A236D7900B4AB50 /* Listini.m in Sources */,
				B7635F2E1A2A52EE00342E48 /* StrutturaMenu.m in Sources */,
				B701F0C21A1F4D5B008A4D01 /* Articoli.m in Sources */,
				B7709A3B1A237C0F00B4AB50 /* ZoomLis.m in Sources */,
				B7D696F21A24B80B00742071 /* VENDUTO.m in Sources */,
				B74A10E01A0B8B6E00C507A1 /* DettaglioFornitori.m in Sources */,
				B7321EBC1A0D89850089B2D1 /* ANACLI.m in Sources */,
				B76766491A27B2BE00F4A7B7 /* Principale.m in Sources */,
				B7248B3F1A0A1F0800819B06 /* Clienti.m in Sources */,
				B7635F2B1A2A51E700342E48 /* Menu.m in Sources */,
				B701F0CC1A1F7F40008A4D01 /* ZoomArti.m in Sources */,
				B7321EB91A0D5F5A0089B2D1 /* DettaglioClienti.m in Sources */,
				B7D696EF1A24B54C00742071 /* VendutoCliente.m in Sources */,
				B76A27A71A0AEC2D003E1728 /* ZoomFor.m in Sources */,
				B701F0C91A1F4F97008A4D01 /* ANAART.m in Sources */,
				B7248ABC1A0A182E00819B06 /* AppDelegate.m in Sources */,
				B7E3A2AC1A12027700416517 /* DBmanager.m in Sources */,
				B7709A381A23723F00B4AB50 /* ANALIS.m in Sources */,
				B7635F341A2A538000342E48 /* CellaMenu.m in Sources */,
				B7248B001A0A18CE00819B06 /* SQLClient.m in Sources */,
				B76A27A41A0AE653003E1728 /* Fornitori.m in Sources */,
				B76A279E1A0ACFF8003E1728 /* ZoomCli.m in Sources */,
				B7248AB91A0A182E00819B06 /* main.m in Sources */,
			);
			runOnlyForDeploymentPostprocessing = 0;
		};
		B7248ACB1A0A182E00819B06 /* Sources */ = {
			isa = PBXSourcesBuildPhase;
			buildActionMask = 2147483647;
			files = (
				B7248AD61A0A182E00819B06 /* iADHOCTests.m in Sources */,
			);
			runOnlyForDeploymentPostprocessing = 0;
		};
/* End PBXSourcesBuildPhase section */

/* Begin PBXTargetDependency section */
		B7248AD11A0A182E00819B06 /* PBXTargetDependency */ = {
			isa = PBXTargetDependency;
			target = B7248AB21A0A182E00819B06 /* iADHOC */;
			targetProxy = B7248AD01A0A182E00819B06 /* PBXContainerItemProxy */;
		};
/* End PBXTargetDependency section */

/* Begin PBXVariantGroup section */
		B7248AC31A0A182E00819B06 /* Main.storyboard */ = {
			isa = PBXVariantGroup;
			children = (
				B7248AC41A0A182E00819B06 /* Base */,
			);
			name = Main.storyboard;
			sourceTree = "<group>";
		};
		B7248AC81A0A182E00819B06 /* LaunchScreen.xib */ = {
			isa = PBXVariantGroup;
			children = (
				B7248AC91A0A182E00819B06 /* Base */,
			);
			name = LaunchScreen.xib;
			sourceTree = "<group>";
		};
/* End PBXVariantGroup section */

/* Begin XCBuildConfiguration section */
		B7248AD71A0A182E00819B06 /* Debug */ = {
			isa = XCBuildConfiguration;
			buildSettings = {
				ALWAYS_SEARCH_USER_PATHS = NO;
				CLANG_CXX_LANGUAGE_STANDARD = "gnu++0x";
				CLANG_CXX_LIBRARY = "libc++";
				CLANG_ENABLE_MODULES = YES;
				CLANG_ENABLE_OBJC_ARC = YES;
				CLANG_WARN_BOOL_CONVERSION = YES;
				CLANG_WARN_CONSTANT_CONVERSION = YES;
				CLANG_WARN_DIRECT_OBJC_ISA_USAGE = YES_ERROR;
				CLANG_WARN_EMPTY_BODY = YES;
				CLANG_WARN_ENUM_CONVERSION = YES;
				CLANG_WARN_INT_CONVERSION = YES;
				CLANG_WARN_OBJC_ROOT_CLASS = YES_ERROR;
				CLANG_WARN_UNREACHABLE_CODE = YES;
				CLANG_WARN__DUPLICATE_METHOD_MATCH = YES;
				"CODE_SIGN_IDENTITY[sdk=iphoneos*]" = "iPhone Developer";
				COPY_PHASE_STRIP = NO;
				ENABLE_STRICT_OBJC_MSGSEND = YES;
				GCC_C_LANGUAGE_STANDARD = gnu99;
				GCC_DYNAMIC_NO_PIC = NO;
				GCC_OPTIMIZATION_LEVEL = 0;
				GCC_PREPROCESSOR_DEFINITIONS = (
					"DEBUG=1",
					"$(inherited)",
				);
				GCC_SYMBOLS_PRIVATE_EXTERN = NO;
				GCC_WARN_64_TO_32_BIT_CONVERSION = YES;
				GCC_WARN_ABOUT_RETURN_TYPE = YES_ERROR;
				GCC_WARN_UNDECLARED_SELECTOR = YES;
				GCC_WARN_UNINITIALIZED_AUTOS = YES_AGGRESSIVE;
				GCC_WARN_UNUSED_FUNCTION = YES;
				GCC_WARN_UNUSED_VARIABLE = YES;
				IPHONEOS_DEPLOYMENT_TARGET = 8.1;
				MTL_ENABLE_DEBUG_INFO = YES;
				ONLY_ACTIVE_ARCH = YES;
				SDKROOT = iphoneos;
				TARGETED_DEVICE_FAMILY = "1,2";
			};
			name = Debug;
		};
		B7248AD81A0A182E00819B06 /* Release */ = {
			isa = XCBuildConfiguration;
			buildSettings = {
				ALWAYS_SEARCH_USER_PATHS = NO;
				CLANG_CXX_LANGUAGE_STANDARD = "gnu++0x";
				CLANG_CXX_LIBRARY = "libc++";
				CLANG_ENABLE_MODULES = YES;
				CLANG_ENABLE_OBJC_ARC = YES;
				CLANG_WARN_BOOL_CONVERSION = YES;
				CLANG_WARN_CONSTANT_CONVERSION = YES;
				CLANG_WARN_DIRECT_OBJC_ISA_USAGE = YES_ERROR;
				CLANG_WARN_EMPTY_BODY = YES;
				CLANG_WARN_ENUM_CONVERSION = YES;
				CLANG_WARN_INT_CONVERSION = YES;
				CLANG_WARN_OBJC_ROOT_CLASS = YES_ERROR;
				CLANG_WARN_UNREACHABLE_CODE = YES;
				CLANG_WARN__DUPLICATE_METHOD_MATCH = YES;
				"CODE_SIGN_IDENTITY[sdk=iphoneos*]" = "iPhone Developer";
				COPY_PHASE_STRIP = YES;
				ENABLE_NS_ASSERTIONS = NO;
				ENABLE_STRICT_OBJC_MSGSEND = YES;
				GCC_C_LANGUAGE_STANDARD = gnu99;
				GCC_WARN_64_TO_32_BIT_CONVERSION = YES;
				GCC_WARN_ABOUT_RETURN_TYPE = YES_ERROR;
				GCC_WARN_UNDECLARED_SELECTOR = YES;
				GCC_WARN_UNINITIALIZED_AUTOS = YES_AGGRESSIVE;
				GCC_WARN_UNUSED_FUNCTION = YES;
				GCC_WARN_UNUSED_VARIABLE = YES;
				IPHONEOS_DEPLOYMENT_TARGET = 8.1;
				MTL_ENABLE_DEBUG_INFO = NO;
				SDKROOT = iphoneos;
				TARGETED_DEVICE_FAMILY = "1,2";
				VALIDATE_PRODUCT = YES;
			};
			name = Release;
		};
		B7248ADA1A0A182E00819B06 /* Debug */ = {
			isa = XCBuildConfiguration;
			buildSettings = {
				ASSETCATALOG_COMPILER_APPICON_NAME = AppIcon;
				ASSETCATALOG_COMPILER_LAUNCHIMAGE_NAME = LaunchImage;
				CODE_SIGN_IDENTITY = "iPhone Developer";
				"CODE_SIGN_IDENTITY[sdk=iphoneos*]" = "iPhone Developer";
				INFOPLIST_FILE = iADHOC/Info.plist;
				IPHONEOS_DEPLOYMENT_TARGET = 7.1;
				LD_RUNPATH_SEARCH_PATHS = "$(inherited) @executable_path/Frameworks";
				LIBRARY_SEARCH_PATHS = (
					"$(inherited)",
					"$(PROJECT_DIR)/SQLClient",
					"$(PROJECT_DIR)/iADHOC/SQLClient",
				);
				PRODUCT_NAME = "$(TARGET_NAME)";
				PROVISIONING_PROFILE = "";
				TARGETED_DEVICE_FAMILY = "1,2";
			};
			name = Debug;
		};
		B7248ADB1A0A182E00819B06 /* Release */ = {
			isa = XCBuildConfiguration;
			buildSettings = {
				ASSETCATALOG_COMPILER_APPICON_NAME = AppIcon;
				ASSETCATALOG_COMPILER_LAUNCHIMAGE_NAME = LaunchImage;
				CODE_SIGN_IDENTITY = "iPhone Developer";
				"CODE_SIGN_IDENTITY[sdk=iphoneos*]" = "iPhone Developer";
				INFOPLIST_FILE = iADHOC/Info.plist;
				IPHONEOS_DEPLOYMENT_TARGET = 7.1;
				LD_RUNPATH_SEARCH_PATHS = "$(inherited) @executable_path/Frameworks";
				LIBRARY_SEARCH_PATHS = (
					"$(inherited)",
					"$(PROJECT_DIR)/SQLClient",
					"$(PROJECT_DIR)/iADHOC/SQLClient",
				);
				PRODUCT_NAME = "$(TARGET_NAME)";
				PROVISIONING_PROFILE = "";
				TARGETED_DEVICE_FAMILY = "1,2";
			};
			name = Release;
		};
		B7248ADD1A0A182E00819B06 /* Debug */ = {
			isa = XCBuildConfiguration;
			buildSettings = {
				BUNDLE_LOADER = "$(TEST_HOST)";
				FRAMEWORK_SEARCH_PATHS = (
					"$(SDKROOT)/Developer/Library/Frameworks",
					"$(inherited)",
				);
				GCC_PREPROCESSOR_DEFINITIONS = (
					"DEBUG=1",
					"$(inherited)",
				);
				INFOPLIST_FILE = iADHOCTests/Info.plist;
				LD_RUNPATH_SEARCH_PATHS = "$(inherited) @executable_path/Frameworks @loader_path/Frameworks";
				PRODUCT_NAME = "$(TARGET_NAME)";
				TEST_HOST = "$(BUILT_PRODUCTS_DIR)/iADHOC.app/iADHOC";
			};
			name = Debug;
		};
		B7248ADE1A0A182E00819B06 /* Release */ = {
			isa = XCBuildConfiguration;
			buildSettings = {
				BUNDLE_LOADER = "$(TEST_HOST)";
				FRAMEWORK_SEARCH_PATHS = (
					"$(SDKROOT)/Developer/Library/Frameworks",
					"$(inherited)",
				);
				INFOPLIST_FILE = iADHOCTests/Info.plist;
				LD_RUNPATH_SEARCH_PATHS = "$(inherited) @executable_path/Frameworks @loader_path/Frameworks";
				PRODUCT_NAME = "$(TARGET_NAME)";
				TEST_HOST = "$(BUILT_PRODUCTS_DIR)/iADHOC.app/iADHOC";
			};
			name = Release;
		};
/* End XCBuildConfiguration section */

/* Begin XCConfigurationList section */
		B7248AAE1A0A182E00819B06 /* Build configuration list for PBXProject "iADHOC" */ = {
			isa = XCConfigurationList;
			buildConfigurations = (
				B7248AD71A0A182E00819B06 /* Debug */,
				B7248AD81A0A182E00819B06 /* Release */,
			);
			defaultConfigurationIsVisible = 0;
			defaultConfigurationName = Release;
		};
		B7248AD91A0A182E00819B06 /* Build configuration list for PBXNativeTarget "iADHOC" */ = {
			isa = XCConfigurationList;
			buildConfigurations = (
				B7248ADA1A0A182E00819B06 /* Debug */,
				B7248ADB1A0A182E00819B06 /* Release */,
			);
			defaultConfigurationIsVisible = 0;
			defaultConfigurationName = Release;
		};
		B7248ADC1A0A182E00819B06 /* Build configuration list for PBXNativeTarget "iADHOCTests" */ = {
			isa = XCConfigurationList;
			buildConfigurations = (
				B7248ADD1A0A182E00819B06 /* Debug */,
				B7248ADE1A0A182E00819B06 /* Release */,
			);
			defaultConfigurationIsVisible = 0;
			defaultConfigurationName = Release;
		};
/* End XCConfigurationList section */
	};
	rootObject = B7248AAB1A0A182E00819B06 /* Project object */;
}
